
Microsoft Visual Studio Solution File, Format Version 12.00
# Visual Studio Version 16
VisualStudioVersion = 16.0.29920.165
MinimumVisualStudioVersion = 10.0.40219.1
Project("{FAE04EC0-301F-11D3-BF4B-00C04F79EFBC}") = "SharpTea", "SharpTea.csproj", "{F4E91027-C41E-44CF-8605-8EF54B0B1BCB}"
EndProject
Global
	GlobalSection(SolutionConfigurationPlatforms) = preSolution
		Debug|Any CPU = Debug|Any CPU
		Release|Any CPU = Release|Any CPU
	EndGlobalSection
	GlobalSection(ProjectConfigurationPlatforms) = postSolution
		{F4E91027-C41E-44CF-8605-8EF54B0B1BCB}.Debug|Any CPU.ActiveCfg = Debug|Any CPU
		{F4E91027-C41E-44CF-8605-8EF54B0B1BCB}.Debug|Any CPU.Build.0 = Debug|Any CPU
		{F4E91027-C41E-44CF-8605-8EF54B0B1BCB}.Release|Any CPU.ActiveCfg = Release|Any CPU
		{F4E91027-C41E-44CF-8605-8EF54B0B1BCB}.Release|Any CPU.Build.0 = Release|Any CPU
	EndGlobalSection
	GlobalSection(SolutionProperties) = preSolution
		HideSolutionNode = FALSE
	EndGlobalSection
	GlobalSection(ExtensibilityGlobals) = postSolution
		SolutionGuid = {ECA0DE06-48D7-4BDB-A1DD-6C735280506B}
	EndGlobalSection
EndGlobal
